# THIS IS AN AUTOGENERATED FILE. DO NOT EDIT THIS FILE DIRECTLY.
# yarn lockfile v1


"@lit/reactive-element@^1.3.0", "@lit/reactive-element@^1.4.0":
  version "1.4.2"
  resolved "https://registry.yarnpkg.com/@lit/reactive-element/-/reactive-element-1.4.2.tgz#65d659e89d1a7e2f4f2b547182aef0a224f4adb7"
  integrity sha512-VMOxsWh/QDwrxPsgkSQnuZ+8mfNy1OTjzzUdLBvvZtpahwPTHTeVZ51RZRqO4xfKVrR+btIPA8D01IL3xeG66w==

"@types/trusted-types@^2.0.2":
  version "2.0.2"
  resolved "https://registry.yarnpkg.com/@types/trusted-types/-/trusted-types-2.0.2.tgz#fc25ad9943bcac11cceb8168db4f275e0e72e756"
  integrity sha512-F5DIZ36YVLE+PN+Zwws4kJogq47hNgX3Nx6WyDJ3kcplxyke3XIzB8uK5n/Lpm1HBsbGzd6nmGehL8cPekP+Tg==

lit-element@^3.2.0:
  version "3.2.2"
  resolved "https://registry.yarnpkg.com/lit-element/-/lit-element-3.2.2.tgz#d148ab6bf4c53a33f707a5168e087725499e5f2b"
  integrity sha512-6ZgxBR9KNroqKb6+htkyBwD90XGRiqKDHVrW/Eh0EZ+l+iC+u+v+w3/BA5NGi4nizAVHGYvQBHUDuSmLjPp7NQ==
  dependencies:
    "@lit/reactive-element" "^1.3.0"
    lit-html "^2.2.0"

lit-html@^2.2.0, lit-html@^2.4.0:
  version "2.4.0"
  resolved "https://registry.yarnpkg.com/lit-html/-/lit-html-2.4.0.tgz#b510430f39a56ec959167ed1187241a4e3ab1574"
  integrity sha512-G6qXu4JNUpY6aaF2VMfaszhO9hlWw0hOTRFDmuMheg/nDYGB+2RztUSOyrzALAbr8Nh0Y7qjhYkReh3rPnplVg==
  dependencies:
    "@types/trusted-types" "^2.0.2"

lit@^2.0.0-rc.1:
  version "2.4.1"
  resolved "https://registry.yarnpkg.com/lit/-/lit-2.4.1.tgz#21251ac14eb1ec8ca7cd15c9ac3564359809f7b5"
  integrity sha512-qohSgLiyN1cFnJG26dIiY03S4F49857A0AHQfnS0zYtnUVnD2MFvx+UT52rtXsIuNFQrnUupX+zyGSATlk1f/A==
  dependencies:
    "@lit/reactive-element" "^1.4.0"
    lit-element "^3.2.0"
    lit-html "^2.4.0"

path-data-parser@0.1.0, path-data-parser@^0.1.0:
  version "0.1.0"
  resolved "https://registry.yarnpkg.com/path-data-parser/-/path-data-parser-0.1.0.tgz#8f5ba5cc70fc7becb3dcefaea08e2659aba60b8c"
  integrity sha512-NOnmBpt5Y2RWbuv0LMzsayp3lVylAHLPUTut412ZA3l+C4uw4ZVkQbjShYCQ8TCpUMdPapr4YjUqLYD6v68j+w==

points-on-curve@0.2.0, points-on-curve@^0.2.0:
  version "0.2.0"
  resolved "https://registry.yarnpkg.com/points-on-curve/-/points-on-curve-0.2.0.tgz#7dbb98c43791859434284761330fa893cb81b4d1"
  integrity sha512-0mYKnYYe9ZcqMCWhUjItv/oHjvgEsfKvnUTg8sAtnHr3GVy7rGkXCb6d5cSyqrWqL4k81b9CPg3urd+T7aop3A==

points-on-path@^0.2.1:
  version "0.2.1"
  resolved "https://registry.yarnpkg.com/points-on-path/-/points-on-path-0.2.1.tgz#553202b5424c53bed37135b318858eacff85dd52"
  integrity sha512-25ClnWWuw7JbWZcgqY/gJ4FQWadKxGWk+3kR/7kD0tCaDtPPMj7oHu2ToLaVhfpnHrZzYby2w6tUA0eOIuUg8g==
  dependencies:
    path-data-parser "0.1.0"
    points-on-curve "0.2.0"

roughjs@^4.3.1:
  version "4.5.2"
  resolved "https://registry.yarnpkg.com/roughjs/-/roughjs-4.5.2.tgz#aab644dcb41e9a75826c8bd5a5b0a859095f2f10"
  integrity sha512-2xSlLDKdsWyFxrveYWk9YQ/Y9UfK38EAMRNkYkMqYBJvPX8abCa9PN0x3w02H8Oa6/0bcZICJU+U95VumPqseg==
  dependencies:
    path-data-parser "^0.1.0"
    points-on-curve "^0.2.0"
    points-on-path "^0.2.1"

wired-elements@^3.0.0-rc.6:
  version "3.0.0-rc.6"
  resolved "https://registry.yarnpkg.com/wired-elements/-/wired-elements-3.0.0-rc.6.tgz#ac832e58d01dd4452f15630184ddf0ff7c0a4483"
  integrity sha512-EXEOj3okM38tM6uS6I9rXUg545dLxhAmSoqgH8FTnqjXcH6fvNNbT8tyw5c3D5AY1qoVN7vk8S1n0Ulnly9iQw==
  dependencies:
    lit "^2.0.0-rc.1"
    roughjs "^4.3.1"
